// !$*UTF8*$!
{
	archiveVersion = 1;
	classes = {
	};
	objectVersion = 50;
	objects = {

/* Begin PBXBuildFile section */
		DB0B882F212B93B0005506C9 /* CleanupCommand.swift in Sources */ = {isa = PBXBuildFile; fileRef = DB0B882E212B93B0005506C9 /* CleanupCommand.swift */; };
		DB23F6FD211099660048E1E9 /* libCommandLineCore.a in Frameworks */ = {isa = PBXBuildFile; fileRef = DB23F6FC211099660048E1E9 /* libCommandLineCore.a */; };
		DB9B020F210E2E1600471D34 /* main.swift in Sources */ = {isa = PBXBuildFile; fileRef = DB9B020E210E2E1600471D34 /* main.swift */; };
		DB9B022C210E2ED600471D34 /* CommandDefinition.swift in Sources */ = {isa = PBXBuildFile; fileRef = DB9B0221210E2ED600471D34 /* CommandDefinition.swift */; };
		DB9B022E210E4D2B00471D34 /* ProjectCommand.swift in Sources */ = {isa = PBXBuildFile; fileRef = DB9B022D210E4D2B00471D34 /* ProjectCommand.swift */; };
		DB9B0230210E4D4400471D34 /* BuildCommand.swift in Sources */ = {isa = PBXBuildFile; fileRef = DB9B022F210E4D4400471D34 /* BuildCommand.swift */; };
/* End PBXBuildFile section */

/* Begin PBXCopyFilesBuildPhase section */
		DB9B0209210E2E1600471D34 /* CopyFiles */ = {
			isa = PBXCopyFilesBuildPhase;
			buildActionMask = 2147483647;
			dstPath = /usr/share/man/man1/;
			dstSubfolderSpec = 0;
			files = (
			);
			runOnlyForDeploymentPostprocessing = 1;
		};
/* End PBXCopyFilesBuildPhase section */

/* Begin PBXFileReference section */
		DB0B882E212B93B0005506C9 /* CleanupCommand.swift */ = {isa = PBXFileReference; lastKnownFileType = sourcecode.swift; path = CleanupCommand.swift; sourceTree = "<group>"; };
		DB23F6FC211099660048E1E9 /* libCommandLineCore.a */ = {isa = PBXFileReference; explicitFileType = archive.ar; path = libCommandLineCore.a; sourceTree = BUILT_PRODUCTS_DIR; };
		DB23F7002110A3A40048E1E9 /* .module-versions */ = {isa = PBXFileReference; lastKnownFileType = text; path = ".module-versions"; sourceTree = "<group>"; };
		DB9B020B210E2E1600471D34 /* pt */ = {isa = PBXFileReference; explicitFileType = "compiled.mach-o.executable"; includeInIndex = 0; path = pt; sourceTree = BUILT_PRODUCTS_DIR; };
		DB9B020E210E2E1600471D34 /* main.swift */ = {isa = PBXFileReference; lastKnownFileType = sourcecode.swift; path = main.swift; sourceTree = "<group>"; };
		DB9B0221210E2ED600471D34 /* CommandDefinition.swift */ = {isa = PBXFileReference; fileEncoding = 4; lastKnownFileType = sourcecode.swift; path = CommandDefinition.swift; sourceTree = "<group>"; };
		DB9B022D210E4D2B00471D34 /* ProjectCommand.swift */ = {isa = PBXFileReference; lastKnownFileType = sourcecode.swift; path = ProjectCommand.swift; sourceTree = "<group>"; };
		DB9B022F210E4D4400471D34 /* BuildCommand.swift */ = {isa = PBXFileReference; lastKnownFileType = sourcecode.swift; path = BuildCommand.swift; sourceTree = "<group>"; };
		DB9B0233210EB36600471D34 /* .swiftlint.yml */ = {isa = PBXFileReference; fileEncoding = 4; lastKnownFileType = text.xml; path = .swiftlint.yml; sourceTree = "<group>"; };
/* End PBXFileReference section */

/* Begin PBXFrameworksBuildPhase section */
		DB9B0208210E2E1600471D34 /* Frameworks */ = {
			isa = PBXFrameworksBuildPhase;
			buildActionMask = 2147483647;
			files = (
				DB23F6FD211099660048E1E9 /* libCommandLineCore.a in Frameworks */,
			);
			runOnlyForDeploymentPostprocessing = 0;
		};
/* End PBXFrameworksBuildPhase section */

/* Begin PBXGroup section */
		DB23F6FB211099660048E1E9 /* Frameworks */ = {
			isa = PBXGroup;
			children = (
				DB23F6FC211099660048E1E9 /* libCommandLineCore.a */,
			);
			name = Frameworks;
			sourceTree = "<group>";
		};
		DB9B0202210E2E1600471D34 = {
			isa = PBXGroup;
			children = (
				DB23F7002110A3A40048E1E9 /* .module-versions */,
				DB9B0233210EB36600471D34 /* .swiftlint.yml */,
				DB9B020D210E2E1600471D34 /* project-tool */,
				DB9B020C210E2E1600471D34 /* Products */,
				DB23F6FB211099660048E1E9 /* Frameworks */,
			);
			sourceTree = "<group>";
		};
		DB9B020C210E2E1600471D34 /* Products */ = {
			isa = PBXGroup;
			children = (
				DB9B020B210E2E1600471D34 /* pt */,
			);
			name = Products;
			sourceTree = "<group>";
		};
		DB9B020D210E2E1600471D34 /* project-tool */ = {
			isa = PBXGroup;
			children = (
				DB9B0221210E2ED600471D34 /* CommandDefinition.swift */,
				DB9B021E210E2ED600471D34 /* CommandHandlers */,
				DB9B020E210E2E1600471D34 /* main.swift */,
			);
			path = "project-tool";
			sourceTree = "<group>";
		};
		DB9B021E210E2ED600471D34 /* CommandHandlers */ = {
			isa = PBXGroup;
			children = (
				DB9B022F210E4D4400471D34 /* BuildCommand.swift */,
				DB9B022D210E4D2B00471D34 /* ProjectCommand.swift */,
				DB0B882E212B93B0005506C9 /* CleanupCommand.swift */,
			);
			path = CommandHandlers;
			sourceTree = "<group>";
		};
/* End PBXGroup section */

/* Begin PBXNativeTarget section */
		DB9B020A210E2E1600471D34 /* project-tool */ = {
			isa = PBXNativeTarget;
			buildConfigurationList = DB9B0212210E2E1600471D34 /* Build configuration list for PBXNativeTarget "project-tool" */;
			buildPhases = (
				DB9B0207210E2E1600471D34 /* Sources */,
				DB9B0208210E2E1600471D34 /* Frameworks */,
				DB9B0209210E2E1600471D34 /* CopyFiles */,
				DB9B0231210EB27300471D34 /* swiftlint */,
			);
			buildRules = (
			);
			dependencies = (
			);
			name = "project-tool";
			productName = "project-tool";
			productReference = DB9B020B210E2E1600471D34 /* pt */;
			productType = "com.apple.product-type.tool";
		};
/* End PBXNativeTarget section */

/* Begin PBXProject section */
		DB9B0203210E2E1600471D34 /* Project object */ = {
			isa = PBXProject;
			attributes = {
				LastSwiftUpdateCheck = 0940;
				LastUpgradeCheck = 0940;
				ORGANIZATIONNAME = droolingcat.com;
				TargetAttributes = {
					DB9B020A210E2E1600471D34 = {
						CreatedOnToolsVersion = 9.4.1;
					};
				};
			};
			buildConfigurationList = DB9B0206210E2E1600471D34 /* Build configuration list for PBXProject "project-tool" */;
			compatibilityVersion = "Xcode 9.3";
			developmentRegion = en;
			hasScannedForEncodings = 0;
			knownRegions = (
				en,
			);
			mainGroup = DB9B0202210E2E1600471D34;
			productRefGroup = DB9B020C210E2E1600471D34 /* Products */;
			projectDirPath = "";
			projectRoot = "";
			targets = (
				DB9B020A210E2E1600471D34 /* project-tool */,
			);
		};
/* End PBXProject section */

/* Begin PBXShellScriptBuildPhase section */
		DB9B0231210EB27300471D34 /* swiftlint */ = {
			isa = PBXShellScriptBuildPhase;
			buildActionMask = 2147483647;
			files = (
			);
			inputPaths = (
			);
			name = swiftlint;
			outputPaths = (
			);
			runOnlyForDeploymentPostprocessing = 0;
			shellPath = /bin/sh;
			shellScript = "if which swiftlint >/dev/null; then\n  swiftlint\nelse\n  echo \"warning: SwiftLint not installed, download from https://github.com/realm/SwiftLint\"\nfi\n";
			showEnvVarsInLog = 0;
		};
/* End PBXShellScriptBuildPhase section */

/* Begin PBXSourcesBuildPhase section */
		DB9B0207210E2E1600471D34 /* Sources */ = {
			isa = PBXSourcesBuildPhase;
			buildActionMask = 2147483647;
			files = (
				DB9B020F210E2E1600471D34 /* main.swift in Sources */,
				DB9B0230210E4D4400471D34 /* BuildCommand.swift in Sources */,
				DB9B022C210E2ED600471D34 /* CommandDefinition.swift in Sources */,
				DB0B882F212B93B0005506C9 /* CleanupCommand.swift in Sources */,
				DB9B022E210E4D2B00471D34 /* ProjectCommand.swift in Sources */,
			);
			runOnlyForDeploymentPostprocessing = 0;
		};
/* End PBXSourcesBuildPhase section */

/* Begin XCBuildConfiguration section */
		DB9B0210210E2E1600471D34 /* Debug */ = {
			isa = XCBuildConfiguration;
			buildSettings = {
				ALWAYS_SEARCH_USER_PATHS = NO;
				CLANG_ANALYZER_NONNULL = YES;
				CLANG_ANALYZER_NUMBER_OBJECT_CONVERSION = YES_AGGRESSIVE;
				CLANG_CXX_LANGUAGE_STANDARD = "gnu++14";
				CLANG_CXX_LIBRARY = "libc++";
				CLANG_ENABLE_MODULES = YES;
				CLANG_ENABLE_OBJC_ARC = YES;
				CLANG_ENABLE_OBJC_WEAK = YES;
				CLANG_WARN_BLOCK_CAPTURE_AUTORELEASING = YES;
				CLANG_WARN_BOOL_CONVERSION = YES;
				CLANG_WARN_COMMA = YES;
				CLANG_WARN_CONSTANT_CONVERSION = YES;
				CLANG_WARN_DEPRECATED_OBJC_IMPLEMENTATIONS = YES;
				CLANG_WARN_DIRECT_OBJC_ISA_USAGE = YES_ERROR;
				CLANG_WARN_DOCUMENTATION_COMMENTS = YES;
				CLANG_WARN_EMPTY_BODY = YES;
				CLANG_WARN_ENUM_CONVERSION = YES;
				CLANG_WARN_INFINITE_RECURSION = YES;
				CLANG_WARN_INT_CONVERSION = YES;
				CLANG_WARN_NON_LITERAL_NULL_CONVERSION = YES;
				CLANG_WARN_OBJC_IMPLICIT_RETAIN_SELF = YES;
				CLANG_WARN_OBJC_LITERAL_CONVERSION = YES;
				CLANG_WARN_OBJC_ROOT_CLASS = YES_ERROR;
				CLANG_WARN_RANGE_LOOP_ANALYSIS = YES;
				CLANG_WARN_STRICT_PROTOTYPES = YES;
				CLANG_WARN_SUSPICIOUS_MOVE = YES;
				CLANG_WARN_UNGUARDED_AVAILABILITY = YES_AGGRESSIVE;
				CLANG_WARN_UNREACHABLE_CODE = YES;
				CLANG_WARN__DUPLICATE_METHOD_MATCH = YES;
				CODE_SIGN_IDENTITY = "Mac Developer";
				COPY_PHASE_STRIP = NO;
				DEBUG_INFORMATION_FORMAT = dwarf;
				ENABLE_STRICT_OBJC_MSGSEND = YES;
				ENABLE_TESTABILITY = YES;
				GCC_C_LANGUAGE_STANDARD = gnu11;
				GCC_DYNAMIC_NO_PIC = NO;
				GCC_NO_COMMON_BLOCKS = YES;
				GCC_OPTIMIZATION_LEVEL = 0;
				GCC_PREPROCESSOR_DEFINITIONS = (
					"DEBUG=1",
					"$(inherited)",
				);
				GCC_WARN_64_TO_32_BIT_CONVERSION = YES;
				GCC_WARN_ABOUT_RETURN_TYPE = YES_ERROR;
				GCC_WARN_UNDECLARED_SELECTOR = YES;
				GCC_WARN_UNINITIALIZED_AUTOS = YES_AGGRESSIVE;
				GCC_WARN_UNUSED_FUNCTION = YES;
				GCC_WARN_UNUSED_VARIABLE = YES;
				MACOSX_DEPLOYMENT_TARGET = 10.13;
				MTL_ENABLE_DEBUG_INFO = YES;
				ONLY_ACTIVE_ARCH = YES;
				SDKROOT = macosx;
				SWIFT_ACTIVE_COMPILATION_CONDITIONS = DEBUG;
				SWIFT_OPTIMIZATION_LEVEL = "-Onone";
			};
			name = Debug;
		};
		DB9B0211210E2E1600471D34 /* Release */ = {
			isa = XCBuildConfiguration;
			buildSettings = {
				ALWAYS_SEARCH_USER_PATHS = NO;
				CLANG_ANALYZER_NONNULL = YES;
				CLANG_ANALYZER_NUMBER_OBJECT_CONVERSION = YES_AGGRESSIVE;
				CLANG_CXX_LANGUAGE_STANDARD = "gnu++14";
				CLANG_CXX_LIBRARY = "libc++";
				CLANG_ENABLE_MODULES = YES;
				CLANG_ENABLE_OBJC_ARC = YES;
				CLANG_ENABLE_OBJC_WEAK = YES;
				CLANG_WARN_BLOCK_CAPTURE_AUTORELEASING = YES;
				CLANG_WARN_BOOL_CONVERSION = YES;
				CLANG_WARN_COMMA = YES;
				CLANG_WARN_CONSTANT_CONVERSION = YES;
				CLANG_WARN_DEPRECATED_OBJC_IMPLEMENTATIONS = YES;
				CLANG_WARN_DIRECT_OBJC_ISA_USAGE = YES_ERROR;
				CLANG_WARN_DOCUMENTATION_COMMENTS = YES;
				CLANG_WARN_EMPTY_BODY = YES;
				CLANG_WARN_ENUM_CONVERSION = YES;
				CLANG_WARN_INFINITE_RECURSION = YES;
				CLANG_WARN_INT_CONVERSION = YES;
				CLANG_WARN_NON_LITERAL_NULL_CONVERSION = YES;
				CLANG_WARN_OBJC_IMPLICIT_RETAIN_SELF = YES;
				CLANG_WARN_OBJC_LITERAL_CONVERSION = YES;
				CLANG_WARN_OBJC_ROOT_CLASS = YES_ERROR;
				CLANG_WARN_RANGE_LOOP_ANALYSIS = YES;
				CLANG_WARN_STRICT_PROTOTYPES = YES;
				CLANG_WARN_SUSPICIOUS_MOVE = YES;
				CLANG_WARN_UNGUARDED_AVAILABILITY = YES_AGGRESSIVE;
				CLANG_WARN_UNREACHABLE_CODE = YES;
				CLANG_WARN__DUPLICATE_METHOD_MATCH = YES;
				CODE_SIGN_IDENTITY = "Mac Developer";
				COPY_PHASE_STRIP = NO;
				DEBUG_INFORMATION_FORMAT = "dwarf-with-dsym";
				ENABLE_NS_ASSERTIONS = NO;
				ENABLE_STRICT_OBJC_MSGSEND = YES;
				GCC_C_LANGUAGE_STANDARD = gnu11;
				GCC_NO_COMMON_BLOCKS = YES;
				GCC_WARN_64_TO_32_BIT_CONVERSION = YES;
				GCC_WARN_ABOUT_RETURN_TYPE = YES_ERROR;
				GCC_WARN_UNDECLARED_SELECTOR = YES;
				GCC_WARN_UNINITIALIZED_AUTOS = YES_AGGRESSIVE;
				GCC_WARN_UNUSED_FUNCTION = YES;
				GCC_WARN_UNUSED_VARIABLE = YES;
				MACOSX_DEPLOYMENT_TARGET = 10.13;
				MTL_ENABLE_DEBUG_INFO = NO;
				SDKROOT = macosx;
				SWIFT_COMPILATION_MODE = wholemodule;
				SWIFT_OPTIMIZATION_LEVEL = "-O";
			};
			name = Release;
		};
		DB9B0213210E2E1600471D34 /* Debug */ = {
			isa = XCBuildConfiguration;
			buildSettings = {
				CODE_SIGN_STYLE = Automatic;
				DEVELOPMENT_TEAM = 5886TSL9MF;
				PRODUCT_NAME = pt;
				SWIFT_VERSION = 4.0;
			};
			name = Debug;
		};
		DB9B0214210E2E1600471D34 /* Release */ = {
			isa = XCBuildConfiguration;
			buildSettings = {
				CODE_SIGN_STYLE = Automatic;
				DEVELOPMENT_TEAM = 5886TSL9MF;
				PRODUCT_NAME = pt;
				SWIFT_VERSION = 4.0;
			};
			name = Release;
		};
/* End XCBuildConfiguration section */

/* Begin XCConfigurationList section */
		DB9B0206210E2E1600471D34 /* Build configuration list for PBXProject "project-tool" */ = {
			isa = XCConfigurationList;
			buildConfigurations = (
				DB9B0210210E2E1600471D34 /* Debug */,
				DB9B0211210E2E1600471D34 /* Release */,
			);
			defaultConfigurationIsVisible = 0;
			defaultConfigurationName = Release;
		};
		DB9B0212210E2E1600471D34 /* Build configuration list for PBXNativeTarget "project-tool" */ = {
			isa = XCConfigurationList;
			buildConfigurations = (
				DB9B0213210E2E1600471D34 /* Debug */,
				DB9B0214210E2E1600471D34 /* Release */,
			);
			defaultConfigurationIsVisible = 0;
			defaultConfigurationName = Release;
		};
/* End XCConfigurationList section */
	};
	rootObject = DB9B0203210E2E1600471D34 /* Project object */;
}
